
Microsoft Visual Studio Solution File, Format Version 12.00
# Visual Studio Version 16
VisualStudioVersion = 16.0.32106.194
MinimumVisualStudioVersion = 10.0.40219.1
Project("{FAE04EC0-301F-11D3-BF4B-00C04F79EFBC}") = "Domain", "Domain\Domain.csproj", "{2B60C9E5-C284-44BF-B3AD-56AE174A7DA9}"
EndProject
Project("{FAE04EC0-301F-11D3-BF4B-00C04F79EFBC}") = "DataAccess", "DataAccess\DataAccess.csproj", "{21BCC23E-788A-448B-908E-392553AF3785}"
EndProject
Project("{FAE04EC0-301F-11D3-BF4B-00C04F79EFBC}") = "BusinessLogic", "BusinessLogic\BusinessLogic.csproj", "{4F489EF0-12CC-4BC2-8E32-BCFD04B05214}"
EndProject
Global
	GlobalSection(SolutionConfigurationPlatforms) = preSolution
		Debug|Any CPU = Debug|Any CPU
		Release|Any CPU = Release|Any CPU
	EndGlobalSection
	GlobalSection(ProjectConfigurationPlatforms) = postSolution
		{2B60C9E5-C284-44BF-B3AD-56AE174A7DA9}.Debug|Any CPU.ActiveCfg = Debug|Any CPU
		{2B60C9E5-C284-44BF-B3AD-56AE174A7DA9}.Debug|Any CPU.Build.0 = Debug|Any CPU
		{2B60C9E5-C284-44BF-B3AD-56AE174A7DA9}.Release|Any CPU.ActiveCfg = Release|Any CPU
		{2B60C9E5-C284-44BF-B3AD-56AE174A7DA9}.Release|Any CPU.Build.0 = Release|Any CPU
		{21BCC23E-788A-448B-908E-392553AF3785}.Debug|Any CPU.ActiveCfg = Debug|Any CPU
		{21BCC23E-788A-448B-908E-392553AF3785}.Debug|Any CPU.Build.0 = Debug|Any CPU
		{21BCC23E-788A-448B-908E-392553AF3785}.Release|Any CPU.ActiveCfg = Release|Any CPU
		{21BCC23E-788A-448B-908E-392553AF3785}.Release|Any CPU.Build.0 = Release|Any CPU
		{4F489EF0-12CC-4BC2-8E32-BCFD04B05214}.Debug|Any CPU.ActiveCfg = Debug|Any CPU
		{4F489EF0-12CC-4BC2-8E32-BCFD04B05214}.Debug|Any CPU.Build.0 = Debug|Any CPU
		{4F489EF0-12CC-4BC2-8E32-BCFD04B05214}.Release|Any CPU.ActiveCfg = Release|Any CPU
		{4F489EF0-12CC-4BC2-8E32-BCFD04B05214}.Release|Any CPU.Build.0 = Release|Any CPU
	EndGlobalSection
	GlobalSection(SolutionProperties) = preSolution
		HideSolutionNode = FALSE
	EndGlobalSection
	GlobalSection(ExtensibilityGlobals) = postSolution
		SolutionGuid = {C455344E-E648-48A6-AA58-566C31B0E672}
	EndGlobalSection
EndGlobal
